
Microsoft Visual Studio Solution File, Format Version 12.00
# Visual Studio 15
VisualStudioVersion = 15.0.28307.572
MinimumVisualStudioVersion = 10.0.40219.1
Project("{FAE04EC0-301F-11D3-BF4B-00C04F79EFBC}") = "teplo_ras", "teplo_ras\teplo_ras.csproj", "{39549EA1-CDE1-43B4-8227-3C12B591C320}"
EndProject
Global
	GlobalSection(SolutionConfigurationPlatforms) = preSolution
		Debug|Any CPU = Debug|Any CPU
		Release|Any CPU = Release|Any CPU
	EndGlobalSection
	GlobalSection(ProjectConfigurationPlatforms) = postSolution
		{39549EA1-CDE1-43B4-8227-3C12B591C320}.Debug|Any CPU.ActiveCfg = Debug|Any CPU
		{39549EA1-CDE1-43B4-8227-3C12B591C320}.Debug|Any CPU.Build.0 = Debug|Any CPU
		{39549EA1-CDE1-43B4-8227-3C12B591C320}.Release|Any CPU.ActiveCfg = Release|Any CPU
		{39549EA1-CDE1-43B4-8227-3C12B591C320}.Release|Any CPU.Build.0 = Release|Any CPU
	EndGlobalSection
	GlobalSection(SolutionProperties) = preSolution
		HideSolutionNode = FALSE
	EndGlobalSection
	GlobalSection(ExtensibilityGlobals) = postSolution
		SolutionGuid = {AB9CAF9A-B710-4DA9-915F-FD1174CB2EE1}
	EndGlobalSection
EndGlobal
